
Microsoft Visual Studio Solution File, Format Version 12.00
# Visual Studio Version 17
VisualStudioVersion = 17.5.002.0
MinimumVisualStudioVersion = 10.0.40219.1
Project("{9A19103F-16F7-4668-BE54-9A1E7A4F7556}") = "atividade", "atividade.csproj", "{7B5B5F58-E8D2-4FEE-8C88-5E3F9F9A36CC}"
EndProject
Global
	GlobalSection(SolutionConfigurationPlatforms) = preSolution
		Debug|Any CPU = Debug|Any CPU
		Release|Any CPU = Release|Any CPU
	EndGlobalSection
	GlobalSection(ProjectConfigurationPlatforms) = postSolution
		{7B5B5F58-E8D2-4FEE-8C88-5E3F9F9A36CC}.Debug|Any CPU.ActiveCfg = Debug|Any CPU
		{7B5B5F58-E8D2-4FEE-8C88-5E3F9F9A36CC}.Debug|Any CPU.Build.0 = Debug|Any CPU
		{7B5B5F58-E8D2-4FEE-8C88-5E3F9F9A36CC}.Release|Any CPU.ActiveCfg = Release|Any CPU
		{7B5B5F58-E8D2-4FEE-8C88-5E3F9F9A36CC}.Release|Any CPU.Build.0 = Release|Any CPU
	EndGlobalSection
	GlobalSection(SolutionProperties) = preSolution
		HideSolutionNode = FALSE
	EndGlobalSection
	GlobalSection(ExtensibilityGlobals) = postSolution
		SolutionGuid = {F9D8F880-6B39-49F7-AF11-758715443556}
	EndGlobalSection
EndGlobal
